
Microsoft Visual Studio Solution File, Format Version 12.00
# Visual Studio Version 17
VisualStudioVersion = 17.9.34728.123
MinimumVisualStudioVersion = 10.0.40219.1
Project("{9A19103F-16F7-4668-BE54-9A1E7A4F7556}") = "Backend.Database", "Backend.Database\Backend.Database.csproj", "{6E141D74-2CAC-49C9-A7FC-20609259B7D8}"
EndProject
Project("{9A19103F-16F7-4668-BE54-9A1E7A4F7556}") = "Backend.Models", "Backend.Models\Backend.Models.csproj", "{ACA30B1D-12A7-42B2-96DA-76047199ED76}"
EndProject
Project("{9A19103F-16F7-4668-BE54-9A1E7A4F7556}") = "Backend.Api", "Backend.Api\Backend.Api.csproj", "{9E6D8E0E-7A56-48EA-BE0A-C4674ACD70D0}"
EndProject
Project("{9A19103F-16F7-4668-BE54-9A1E7A4F7556}") = "Backend.ErrorHandlingMiddleware", "Common\Backend.ErrorHandlingMiddleware\Backend.ErrorHandlingMiddleware.csproj", "{7301A593-79F2-4FB2-A0E6-ECDFD722C18D}"
EndProject
Project("{2150E333-8FDC-42A3-9474-1A3956D46DE8}") = "Common", "Common", "{9154218B-5375-44CD-A5F3-C26F5F699F16}"
EndProject
Global
	GlobalSection(SolutionConfigurationPlatforms) = preSolution
		Debug|Any CPU = Debug|Any CPU
		Dev|Any CPU = Dev|Any CPU
		Prod|Any CPU = Prod|Any CPU
		Release|Any CPU = Release|Any CPU
	EndGlobalSection
	GlobalSection(ProjectConfigurationPlatforms) = postSolution
		{6E141D74-2CAC-49C9-A7FC-20609259B7D8}.Debug|Any CPU.ActiveCfg = Debug|Any CPU
		{6E141D74-2CAC-49C9-A7FC-20609259B7D8}.Debug|Any CPU.Build.0 = Debug|Any CPU
		{6E141D74-2CAC-49C9-A7FC-20609259B7D8}.Dev|Any CPU.ActiveCfg = Debug|Any CPU
		{6E141D74-2CAC-49C9-A7FC-20609259B7D8}.Dev|Any CPU.Build.0 = Debug|Any CPU
		{6E141D74-2CAC-49C9-A7FC-20609259B7D8}.Prod|Any CPU.ActiveCfg = Release|Any CPU
		{6E141D74-2CAC-49C9-A7FC-20609259B7D8}.Prod|Any CPU.Build.0 = Release|Any CPU
		{6E141D74-2CAC-49C9-A7FC-20609259B7D8}.Release|Any CPU.ActiveCfg = Release|Any CPU
		{6E141D74-2CAC-49C9-A7FC-20609259B7D8}.Release|Any CPU.Build.0 = Release|Any CPU
		{ACA30B1D-12A7-42B2-96DA-76047199ED76}.Debug|Any CPU.ActiveCfg = Debug|Any CPU
		{ACA30B1D-12A7-42B2-96DA-76047199ED76}.Debug|Any CPU.Build.0 = Debug|Any CPU
		{ACA30B1D-12A7-42B2-96DA-76047199ED76}.Dev|Any CPU.ActiveCfg = Debug|Any CPU
		{ACA30B1D-12A7-42B2-96DA-76047199ED76}.Dev|Any CPU.Build.0 = Debug|Any CPU
		{ACA30B1D-12A7-42B2-96DA-76047199ED76}.Prod|Any CPU.ActiveCfg = Release|Any CPU
		{ACA30B1D-12A7-42B2-96DA-76047199ED76}.Prod|Any CPU.Build.0 = Release|Any CPU
		{ACA30B1D-12A7-42B2-96DA-76047199ED76}.Release|Any CPU.ActiveCfg = Release|Any CPU
		{ACA30B1D-12A7-42B2-96DA-76047199ED76}.Release|Any CPU.Build.0 = Release|Any CPU
		{9E6D8E0E-7A56-48EA-BE0A-C4674ACD70D0}.Debug|Any CPU.ActiveCfg = Debug|Any CPU
		{9E6D8E0E-7A56-48EA-BE0A-C4674ACD70D0}.Debug|Any CPU.Build.0 = Debug|Any CPU
		{9E6D8E0E-7A56-48EA-BE0A-C4674ACD70D0}.Dev|Any CPU.ActiveCfg = Debug|Any CPU
		{9E6D8E0E-7A56-48EA-BE0A-C4674ACD70D0}.Dev|Any CPU.Build.0 = Debug|Any CPU
		{9E6D8E0E-7A56-48EA-BE0A-C4674ACD70D0}.Prod|Any CPU.ActiveCfg = Release|Any CPU
		{9E6D8E0E-7A56-48EA-BE0A-C4674ACD70D0}.Prod|Any CPU.Build.0 = Release|Any CPU
		{9E6D8E0E-7A56-48EA-BE0A-C4674ACD70D0}.Release|Any CPU.ActiveCfg = Release|Any CPU
		{9E6D8E0E-7A56-48EA-BE0A-C4674ACD70D0}.Release|Any CPU.Build.0 = Release|Any CPU
		{7301A593-79F2-4FB2-A0E6-ECDFD722C18D}.Debug|Any CPU.ActiveCfg = Debug|Any CPU
		{7301A593-79F2-4FB2-A0E6-ECDFD722C18D}.Debug|Any CPU.Build.0 = Debug|Any CPU
		{7301A593-79F2-4FB2-A0E6-ECDFD722C18D}.Dev|Any CPU.ActiveCfg = Dev|Any CPU
		{7301A593-79F2-4FB2-A0E6-ECDFD722C18D}.Dev|Any CPU.Build.0 = Dev|Any CPU
		{7301A593-79F2-4FB2-A0E6-ECDFD722C18D}.Prod|Any CPU.ActiveCfg = Prod|Any CPU
		{7301A593-79F2-4FB2-A0E6-ECDFD722C18D}.Prod|Any CPU.Build.0 = Prod|Any CPU
		{7301A593-79F2-4FB2-A0E6-ECDFD722C18D}.Release|Any CPU.ActiveCfg = Debug|Any CPU
		{7301A593-79F2-4FB2-A0E6-ECDFD722C18D}.Release|Any CPU.Build.0 = Debug|Any CPU
	EndGlobalSection
	GlobalSection(SolutionProperties) = preSolution
		HideSolutionNode = FALSE
	EndGlobalSection
	GlobalSection(NestedProjects) = preSolution
		{7301A593-79F2-4FB2-A0E6-ECDFD722C18D} = {9154218B-5375-44CD-A5F3-C26F5F699F16}
	EndGlobalSection
	GlobalSection(ExtensibilityGlobals) = postSolution
		SolutionGuid = {F76D8D5B-6D7E-420B-9761-B56C5FD0C174}
	EndGlobalSection
EndGlobal
